
Microsoft Visual Studio Solution File, Format Version 12.00
# Visual Studio Version 16
VisualStudioVersion = 16.0.31402.337
MinimumVisualStudioVersion = 10.0.40219.1
Project("{2150E333-8FDC-42A3-9474-1A3956D46DE8}") = "Core", "Core", "{D679CB87-DB5D-4F8E-B2A8-68C78F039DB6}"
EndProject
Project("{2150E333-8FDC-42A3-9474-1A3956D46DE8}") = "Infrastructure", "Infrastructure", "{AEAB07F8-D1BA-4DD6-9119-94BD2E4F6464}"
EndProject
Project("{FAE04EC0-301F-11D3-BF4B-00C04F79EFBC}") = "Web", "Web\Web.csproj", "{AE3EFBB8-6FF0-4AE3-B1A1-DA08905B4B3E}"
EndProject
Global
	GlobalSection(SolutionConfigurationPlatforms) = preSolution
		Debug|Any CPU = Debug|Any CPU
		Release|Any CPU = Release|Any CPU
	EndGlobalSection
	GlobalSection(ProjectConfigurationPlatforms) = postSolution
		{AE3EFBB8-6FF0-4AE3-B1A1-DA08905B4B3E}.Debug|Any CPU.ActiveCfg = Debug|Any CPU
		{AE3EFBB8-6FF0-4AE3-B1A1-DA08905B4B3E}.Debug|Any CPU.Build.0 = Debug|Any CPU
		{AE3EFBB8-6FF0-4AE3-B1A1-DA08905B4B3E}.Release|Any CPU.ActiveCfg = Release|Any CPU
		{AE3EFBB8-6FF0-4AE3-B1A1-DA08905B4B3E}.Release|Any CPU.Build.0 = Release|Any CPU
	EndGlobalSection
	GlobalSection(SolutionProperties) = preSolution
		HideSolutionNode = FALSE
	EndGlobalSection
	GlobalSection(ExtensibilityGlobals) = postSolution
		SolutionGuid = {A1C5140B-7973-4023-8796-A8A5D676B6F4}
	EndGlobalSection
EndGlobal
