
Microsoft Visual Studio Solution File, Format Version 12.00
# Visual Studio Version 16
VisualStudioVersion = 16.0.31402.337
MinimumVisualStudioVersion = 10.0.40219.1
Project("{2150E333-8FDC-42A3-9474-1A3956D46DE8}") = "Core", "Core", "{D679CB87-DB5D-4F8E-B2A8-68C78F039DB6}"
EndProject
Project("{2150E333-8FDC-42A3-9474-1A3956D46DE8}") = "Infrastructure", "Infrastructure", "{AEAB07F8-D1BA-4DD6-9119-94BD2E4F6464}"
EndProject
Project("{FAE04EC0-301F-11D3-BF4B-00C04F79EFBC}") = "Web", "Web\Web.csproj", "{AE3EFBB8-6FF0-4AE3-B1A1-DA08905B4B3E}"
EndProject
Project("{FAE04EC0-301F-11D3-BF4B-00C04F79EFBC}") = "Domain", "Domain\Domain.csproj", "{9605E731-0E00-480D-B4B2-0AC5CFB83058}"
EndProject
Project("{FAE04EC0-301F-11D3-BF4B-00C04F79EFBC}") = "Contracts", "Contracts\Contracts.csproj", "{E19F1108-4B97-40B7-AF36-4DCBF5062186}"
EndProject
Project("{FAE04EC0-301F-11D3-BF4B-00C04F79EFBC}") = "Services", "Services\Services.csproj", "{82ECB38F-2341-400A-AF2D-A8D060984375}"
EndProject
Project("{FAE04EC0-301F-11D3-BF4B-00C04F79EFBC}") = "Services.Abstractions", "Services.Abstractions\Services.Abstractions.csproj", "{CD7B0449-EC37-42ED-9C68-0A026BDD7375}"
EndProject
Project("{FAE04EC0-301F-11D3-BF4B-00C04F79EFBC}") = "Persistance", "Persistance\Persistance.csproj", "{F31D0C63-A9E7-4973-B0CB-873F31654FAE}"
EndProject
Project("{FAE04EC0-301F-11D3-BF4B-00C04F79EFBC}") = "Presentation", "Presentation\Presentation.csproj", "{296D3EE9-8221-4B61-9CBC-D3979DD128C5}"
EndProject
Global
	GlobalSection(SolutionConfigurationPlatforms) = preSolution
		Debug|Any CPU = Debug|Any CPU
		Release|Any CPU = Release|Any CPU
	EndGlobalSection
	GlobalSection(ProjectConfigurationPlatforms) = postSolution
		{AE3EFBB8-6FF0-4AE3-B1A1-DA08905B4B3E}.Debug|Any CPU.ActiveCfg = Debug|Any CPU
		{AE3EFBB8-6FF0-4AE3-B1A1-DA08905B4B3E}.Debug|Any CPU.Build.0 = Debug|Any CPU
		{AE3EFBB8-6FF0-4AE3-B1A1-DA08905B4B3E}.Release|Any CPU.ActiveCfg = Release|Any CPU
		{AE3EFBB8-6FF0-4AE3-B1A1-DA08905B4B3E}.Release|Any CPU.Build.0 = Release|Any CPU
		{9605E731-0E00-480D-B4B2-0AC5CFB83058}.Debug|Any CPU.ActiveCfg = Debug|Any CPU
		{9605E731-0E00-480D-B4B2-0AC5CFB83058}.Debug|Any CPU.Build.0 = Debug|Any CPU
		{9605E731-0E00-480D-B4B2-0AC5CFB83058}.Release|Any CPU.ActiveCfg = Release|Any CPU
		{9605E731-0E00-480D-B4B2-0AC5CFB83058}.Release|Any CPU.Build.0 = Release|Any CPU
		{E19F1108-4B97-40B7-AF36-4DCBF5062186}.Debug|Any CPU.ActiveCfg = Debug|Any CPU
		{E19F1108-4B97-40B7-AF36-4DCBF5062186}.Debug|Any CPU.Build.0 = Debug|Any CPU
		{E19F1108-4B97-40B7-AF36-4DCBF5062186}.Release|Any CPU.ActiveCfg = Release|Any CPU
		{E19F1108-4B97-40B7-AF36-4DCBF5062186}.Release|Any CPU.Build.0 = Release|Any CPU
		{82ECB38F-2341-400A-AF2D-A8D060984375}.Debug|Any CPU.ActiveCfg = Debug|Any CPU
		{82ECB38F-2341-400A-AF2D-A8D060984375}.Debug|Any CPU.Build.0 = Debug|Any CPU
		{82ECB38F-2341-400A-AF2D-A8D060984375}.Release|Any CPU.ActiveCfg = Release|Any CPU
		{82ECB38F-2341-400A-AF2D-A8D060984375}.Release|Any CPU.Build.0 = Release|Any CPU
		{CD7B0449-EC37-42ED-9C68-0A026BDD7375}.Debug|Any CPU.ActiveCfg = Debug|Any CPU
		{CD7B0449-EC37-42ED-9C68-0A026BDD7375}.Debug|Any CPU.Build.0 = Debug|Any CPU
		{CD7B0449-EC37-42ED-9C68-0A026BDD7375}.Release|Any CPU.ActiveCfg = Release|Any CPU
		{CD7B0449-EC37-42ED-9C68-0A026BDD7375}.Release|Any CPU.Build.0 = Release|Any CPU
		{F31D0C63-A9E7-4973-B0CB-873F31654FAE}.Debug|Any CPU.ActiveCfg = Debug|Any CPU
		{F31D0C63-A9E7-4973-B0CB-873F31654FAE}.Debug|Any CPU.Build.0 = Debug|Any CPU
		{F31D0C63-A9E7-4973-B0CB-873F31654FAE}.Release|Any CPU.ActiveCfg = Release|Any CPU
		{F31D0C63-A9E7-4973-B0CB-873F31654FAE}.Release|Any CPU.Build.0 = Release|Any CPU
		{296D3EE9-8221-4B61-9CBC-D3979DD128C5}.Debug|Any CPU.ActiveCfg = Debug|Any CPU
		{296D3EE9-8221-4B61-9CBC-D3979DD128C5}.Debug|Any CPU.Build.0 = Debug|Any CPU
		{296D3EE9-8221-4B61-9CBC-D3979DD128C5}.Release|Any CPU.ActiveCfg = Release|Any CPU
		{296D3EE9-8221-4B61-9CBC-D3979DD128C5}.Release|Any CPU.Build.0 = Release|Any CPU
	EndGlobalSection
	GlobalSection(SolutionProperties) = preSolution
		HideSolutionNode = FALSE
	EndGlobalSection
	GlobalSection(NestedProjects) = preSolution
		{9605E731-0E00-480D-B4B2-0AC5CFB83058} = {D679CB87-DB5D-4F8E-B2A8-68C78F039DB6}
		{E19F1108-4B97-40B7-AF36-4DCBF5062186} = {D679CB87-DB5D-4F8E-B2A8-68C78F039DB6}
		{82ECB38F-2341-400A-AF2D-A8D060984375} = {D679CB87-DB5D-4F8E-B2A8-68C78F039DB6}
		{CD7B0449-EC37-42ED-9C68-0A026BDD7375} = {D679CB87-DB5D-4F8E-B2A8-68C78F039DB6}
		{F31D0C63-A9E7-4973-B0CB-873F31654FAE} = {AEAB07F8-D1BA-4DD6-9119-94BD2E4F6464}
		{296D3EE9-8221-4B61-9CBC-D3979DD128C5} = {AEAB07F8-D1BA-4DD6-9119-94BD2E4F6464}
	EndGlobalSection
	GlobalSection(ExtensibilityGlobals) = postSolution
		SolutionGuid = {A1C5140B-7973-4023-8796-A8A5D676B6F4}
	EndGlobalSection
EndGlobal
